
Microsoft Visual Studio Solution File, Format Version 12.00
# Visual Studio 15
VisualStudioVersion = 15.0.27703.2026
MinimumVisualStudioVersion = 10.0.40219.1
Project("{FAE04EC0-301F-11D3-BF4B-00C04F79EFBC}") = "SudokuSample", "SudokuSample\SudokuSample.csproj", "{7B8326D4-088B-4F4D-A0E3-8EBE14B4593B}"
EndProject
Global
	GlobalSection(SolutionConfigurationPlatforms) = preSolution
		Debug|Any CPU = Debug|Any CPU
		Release|Any CPU = Release|Any CPU
	EndGlobalSection
	GlobalSection(ProjectConfigurationPlatforms) = postSolution
		{7B8326D4-088B-4F4D-A0E3-8EBE14B4593B}.Debug|Any CPU.ActiveCfg = Debug|Any CPU
		{7B8326D4-088B-4F4D-A0E3-8EBE14B4593B}.Debug|Any CPU.Build.0 = Debug|Any CPU
		{7B8326D4-088B-4F4D-A0E3-8EBE14B4593B}.Release|Any CPU.ActiveCfg = Release|Any CPU
		{7B8326D4-088B-4F4D-A0E3-8EBE14B4593B}.Release|Any CPU.Build.0 = Release|Any CPU
	EndGlobalSection
	GlobalSection(SolutionProperties) = preSolution
		HideSolutionNode = FALSE
	EndGlobalSection
	GlobalSection(ExtensibilityGlobals) = postSolution
		SolutionGuid = {1BE8F596-AB3E-4B25-8135-CA53AD200A31}
	EndGlobalSection
EndGlobal
